<?xml version="1.0" encoding="utf-8"?>
<Project ToolsVersion="4.0" xmlns="http://schemas.microsoft.com/developer/msbuild/2003">
  <ItemGroup>
    <Filter Include="Renderer">
      <UniqueIdentifier>{554cf61f-25ed-45bc-9e33-53ac47223734}</UniqueIdentifier>
    </Filter>
    <Filter Include="Game">
      <UniqueIdentifier>{b373a12f-9fd9-4b66-9208-cb8d3e519632}</UniqueIdentifier>
    </Filter>
    <Filter Include="Math">
      <UniqueIdentifier>{34c994b8-6c16-498c-bd9e-30c8a26548b9}</UniqueIdentifier>
    </Filter>
    <Filter Include="Terrain">
      <UniqueIdentifier>{c34226c0-c72f-4f41-8eb1-f12602736ca9}</UniqueIdentifier>
    </Filter>
    <Filter Include="Common">
      <UniqueIdentifier>{b1ebe2ce-f415-4a99-9ebd-1e783e7632c6}</UniqueIdentifier>
    </Filter>
    <Filter Include="Common\Win">
      <UniqueIdentifier>{b94bedb0-79f0-4a65-a616-cdea40e4a20b}</UniqueIdentifier>
    </Filter>
  </ItemGroup>
  <ItemGroup>
    <ClCompile Include="Game\GameWindow.cpp">
      <Filter>Game</Filter>
    </ClCompile>
    <ClCompile Include="Common\WindowTest.cpp">
      <Filter>Common</Filter>
    </ClCompile>
    <ClCompile Include="Game\GameManager.cpp">
      <Filter>Game</Filter>
    </ClCompile>
    <ClCompile Include="Common\Win\Window.cpp">
      <Filter>Common\Win</Filter>
    </ClCompile>
    <ClCompile Include="Game\main.cpp" />
    <ClCompile Include="Renderer\Camera.cpp">
      <Filter>Renderer</Filter>
    </ClCompile>
    <ClCompile Include="Renderer\Mesh.cpp">
      <Filter>Renderer</Filter>
    </ClCompile>
    <ClCompile Include="Renderer\Renderer.cpp">
      <Filter>Renderer</Filter>
    </ClCompile>
    <ClCompile Include="Renderer\Shader.cpp">
      <Filter>Renderer</Filter>
    </ClCompile>
    <ClCompile Include="Common\Win\FileSystem.cpp">
      <Filter>Common\Win</Filter>
    </ClCompile>
    <ClCompile Include="Common\Win\UTFfuncs.cpp">
      <Filter>Common\Win</Filter>
    </ClCompile>
    <ClCompile Include="Common\Win\Common.cpp">
      <Filter>Common\Win</Filter>
    </ClCompile>
    <ClCompile Include="Renderer\Extensions.cpp">
      <Filter>Renderer</Filter>
    </ClCompile>
    <ClCompile Include="Math\Matrix.cpp">
      <Filter>Math</Filter>
    </ClCompile>
    <ClCompile Include="Math\Vector.cpp">
      <Filter>Math</Filter>
    </ClCompile>
    <ClCompile Include="Game\GamePlayer.cpp">
      <Filter>Game</Filter>
    </ClCompile>
    <ClCompile Include="Common\Win\Timer.cpp">
      <Filter>Common\Win</Filter>
    </ClCompile>
    <ClCompile Include="Renderer\Defines.cpp">
      <Filter>Renderer</Filter>
    </ClCompile>
    <ClCompile Include="Common\Exception.cpp">
      <Filter>Common</Filter>
    </ClCompile>
  </ItemGroup>
  <ItemGroup>
    <ClInclude Include="Game\GameWindow.hpp">
      <Filter>Game</Filter>
    </ClInclude>
    <ClInclude Include="Common\Window.hpp">
      <Filter>Common</Filter>
    </ClInclude>
    <ClInclude Include="Common\WindowTest.hpp">
      <Filter>Common</Filter>
    </ClInclude>
    <ClInclude Include="Game\GameManager.hpp">
      <Filter>Game</Filter>
    </ClInclude>
    <ClInclude Include="Common\Common.hpp">
      <Filter>Common</Filter>
    </ClInclude>
    <ClInclude Include="Common\UTFfuncs.hpp">
      <Filter>Common</Filter>
    </ClInclude>
    <ClInclude Include="Renderer\Camera.hpp">
      <Filter>Renderer</Filter>
    </ClInclude>
    <ClInclude Include="Renderer\Mesh.hpp">
      <Filter>Renderer</Filter>
    </ClInclude>
    <ClInclude Include="Renderer\Renderer.hpp">
      <Filter>Renderer</Filter>
    </ClInclude>
    <ClInclude Include="Renderer\Shader.hpp">
      <Filter>Renderer</Filter>
    </ClInclude>
    <ClInclude Include="Common\FileSystem.hpp">
      <Filter>Common</Filter>
    </ClInclude>
    <ClInclude Include="Renderer\Extensions.hpp">
      <Filter>Renderer</Filter>
    </ClInclude>
    <ClInclude Include="Common\GetExtension.hpp">
      <Filter>Common</Filter>
    </ClInclude>
    <ClInclude Include="Math\Matrix.hpp">
      <Filter>Math</Filter>
    </ClInclude>
    <ClInclude Include="Math\Vector.hpp">
      <Filter>Math</Filter>
    </ClInclude>
    <ClInclude Include="Math\Common.hpp">
      <Filter>Math</Filter>
    </ClInclude>
    <ClInclude Include="Game\GameKeycodes.hpp">
      <Filter>Game</Filter>
    </ClInclude>
    <ClInclude Include="Game\GamePlayer.hpp">
      <Filter>Game</Filter>
    </ClInclude>
    <ClInclude Include="Common\Timer.hpp">
      <Filter>Common</Filter>
    </ClInclude>
    <ClInclude Include="Renderer\Defines.hpp">
      <Filter>Renderer</Filter>
    </ClInclude>
    <ClInclude Include="Common\Exception.hpp">
      <Filter>Common</Filter>
    </ClInclude>
  </ItemGroup>
</Project>